
Microsoft Visual Studio Solution File, Format Version 12.00
# Visual Studio Version 18
VisualStudioVersion = 18.0.11222.15 d18.0
MinimumVisualStudioVersion = 10.0.40219.1
Project("{8BC9CEB8-8B4A-11D0-8D11-00A0C91BC942}") = "tree-sitter", "tree-sitter.vcxproj", "{69EEBC60-F1C2-4E6C-B67C-7621C8D2165E}"
EndProject
Project("{8BC9CEB8-8B4A-11D0-8D11-00A0C91BC942}") = "tree-sitter-c", "tree-sitter-c.vcxproj", "{2B3D59DB-68CF-4D49-9A91-4CBF5EF02C0B}"
EndProject
Project("{8BC9CEB8-8B4A-11D0-8D11-00A0C91BC942}") = "tree-sitter-cpp", "tree-sitter-cpp.vcxproj", "{423AF331-71EB-4E51-8AAC-FE02D790FAB7}"
EndProject
Project("{8BC9CEB8-8B4A-11D0-8D11-00A0C91BC942}") = "tree-sitter-c-sharp", "tree-sitter-c-sharp.vcxproj", "{D4992B1F-E70D-481F-B569-B930AE7DC9E9}"
EndProject
Project("{8BC9CEB8-8B4A-11D0-8D11-00A0C91BC942}") = "tree-sitter-java", "tree-sitter-java.vcxproj", "{6C90F6AF-C011-4E00-A15B-68B63D4043B7}"
EndProject
Project("{8BC9CEB8-8B4A-11D0-8D11-00A0C91BC942}") = "tree-sitter-javascript", "tree-sitter-javascript.vcxproj", "{B8539C24-6015-425F-88E7-6663AA29B5C0}"
EndProject
Project("{8BC9CEB8-8B4A-11D0-8D11-00A0C91BC942}") = "tree-sitter-json", "tree-sitter-json.vcxproj", "{6E4A8BAD-77AD-4B03-AC5F-A05157100EEF}"
EndProject
Project("{8BC9CEB8-8B4A-11D0-8D11-00A0C91BC942}") = "tree-sitter-python", "tree-sitter-python.vcxproj", "{D75A3CBE-3EF1-408E-8F6D-02166506AC42}"
EndProject
Project("{8BC9CEB8-8B4A-11D0-8D11-00A0C91BC942}") = "tree-sitter-rust", "tree-sitter-rust.vcxproj", "{20136C92-52D9-47FC-9553-30113CCD2631}"
EndProject
Project("{8BC9CEB8-8B4A-11D0-8D11-00A0C91BC942}") = "tree-sitter-swift", "tree-sitter-swift.vcxproj", "{0366299A-655D-436D-94BD-641C8FD4F1DB}"
EndProject
Project("{8BC9CEB8-8B4A-11D0-8D11-00A0C91BC942}") = "tree-sitter-typescript", "tree-sitter-typescript.vcxproj", "{8F0877EA-2DFB-4B10-B582-DFFAAD85D73F}"
EndProject
Project("{8BC9CEB8-8B4A-11D0-8D11-00A0C91BC942}") = "tree-sitter-html", "tree-sitter-html.vcxproj", "{6FC9F43F-740C-4C30-A52F-51A3C83F58F3}"
EndProject
Project("{8BC9CEB8-8B4A-11D0-8D11-00A0C91BC942}") = "tree-sitter-bash", "tree-sitter-bash.vcxproj", "{14DFEEAB-09B2-4F00-8FD2-EF856B5E7F73}"
EndProject
Project("{8BC9CEB8-8B4A-11D0-8D11-00A0C91BC942}") = "tree-sitter-agda", "tree-sitter-agda.vcxproj", "{17A2C578-2C62-4152-8643-4D199C864EA0}"
EndProject
Project("{8BC9CEB8-8B4A-11D0-8D11-00A0C91BC942}") = "tree-sitter-css", "tree-sitter-css.vcxproj", "{6826E61D-493D-41A5-9357-C4227B9EDFF8}"
EndProject
Project("{8BC9CEB8-8B4A-11D0-8D11-00A0C91BC942}") = "tree-sitter-embedded-template", "tree-sitter-embedded-template.vcxproj", "{B42FCFE1-367B-418A-AA06-7F250F6E3EF9}"
EndProject
Project("{8BC9CEB8-8B4A-11D0-8D11-00A0C91BC942}") = "tree-sitter-go", "tree-sitter-go.vcxproj", "{46A18BF2-E1A8-4843-9771-5AD77746BDE7}"
EndProject
Project("{8BC9CEB8-8B4A-11D0-8D11-00A0C91BC942}") = "tree-sitter-haskell", "tree-sitter-haskell.vcxproj", "{5041CC93-A613-4493-B21C-A3037AB5A0FF}"
EndProject
Project("{8BC9CEB8-8B4A-11D0-8D11-00A0C91BC942}") = "tree-sitter-jsdoc", "tree-sitter-jsdoc.vcxproj", "{69E3414C-FA87-40D2-B5B1-89EED0BC6152}"
EndProject
Project("{8BC9CEB8-8B4A-11D0-8D11-00A0C91BC942}") = "tree-sitter-julia", "tree-sitter-julia.vcxproj", "{DDB62BC5-7B38-4013-AF96-F90818C2ACF9}"
EndProject
Project("{8BC9CEB8-8B4A-11D0-8D11-00A0C91BC942}") = "tree-sitter-ocaml", "tree-sitter-ocaml.vcxproj", "{57875F99-EC38-417C-B60F-4DD2C057772B}"
EndProject
Project("{8BC9CEB8-8B4A-11D0-8D11-00A0C91BC942}") = "tree-sitter-php", "tree-sitter-php.vcxproj", "{DE17647C-320A-4CCA-ADA7-4881C1A6E8E7}"
EndProject
Project("{8BC9CEB8-8B4A-11D0-8D11-00A0C91BC942}") = "tree-sitter-ql", "tree-sitter-ql.vcxproj", "{0F75352D-DF03-4CDA-9777-29E0ED9C607E}"
EndProject
Project("{8BC9CEB8-8B4A-11D0-8D11-00A0C91BC942}") = "tree-sitter-ruby", "tree-sitter-ruby.vcxproj", "{B5AD922E-F4FC-4395-A411-46551C396DD4}"
EndProject
Project("{8BC9CEB8-8B4A-11D0-8D11-00A0C91BC942}") = "tree-sitter-scala", "tree-sitter-scala.vcxproj", "{2521349B-AF72-4BCD-8F78-F97C3EC1FC97}"
EndProject
Project("{8BC9CEB8-8B4A-11D0-8D11-00A0C91BC942}") = "tree-sitter-toml", "tree-sitter-toml.vcxproj", "{E429F11D-7F62-4501-A3CA-06A7458CDA26}"
EndProject
Project("{8BC9CEB8-8B4A-11D0-8D11-00A0C91BC942}") = "tree-sitter-tsq", "tree-sitter-tsq.vcxproj", "{AF3705CA-2091-4780-AD95-C9DE5729FED9}"
EndProject
Project("{8BC9CEB8-8B4A-11D0-8D11-00A0C91BC942}") = "tree-sitter-verilog", "tree-sitter-verilog.vcxproj", "{0B17C85F-22AE-4151-B6D2-26DDED07361B}"
EndProject
Project("{8BC9CEB8-8B4A-11D0-8D11-00A0C91BC942}") = "tree-sitter-tsx", "tree-sitter-tsx.vcxproj", "{9C1ECB0E-F89C-4007-AE3D-E142703A4A60}"
EndProject
Project("{8BC9CEB8-8B4A-11D0-8D11-00A0C91BC942}") = "tree-sitter-ocaml-type", "tree-sitter-ocaml-type.vcxproj", "{5A345860-9162-4C72-8691-FC1BA8906678}"
EndProject
Project("{8BC9CEB8-8B4A-11D0-8D11-00A0C91BC942}") = "tree-sitter-razor", "tree-sitter-razor.vcxproj", "{D82425CF-3372-4F65-88AD-D96A2C80E3B0}"
EndProject
Global
	GlobalSection(SolutionConfigurationPlatforms) = preSolution
		Debug|ARM64 = Debug|ARM64
		Debug|x64 = Debug|x64
		Debug|x86 = Debug|x86
		Release|ARM64 = Release|ARM64
		Release|x64 = Release|x64
		Release|x86 = Release|x86
	EndGlobalSection
	GlobalSection(ProjectConfigurationPlatforms) = postSolution
		{69EEBC60-F1C2-4E6C-B67C-7621C8D2165E}.Debug|ARM64.ActiveCfg = Debug|ARM64
		{69EEBC60-F1C2-4E6C-B67C-7621C8D2165E}.Debug|ARM64.Build.0 = Debug|ARM64
		{69EEBC60-F1C2-4E6C-B67C-7621C8D2165E}.Debug|x64.ActiveCfg = Debug|x64
		{69EEBC60-F1C2-4E6C-B67C-7621C8D2165E}.Debug|x64.Build.0 = Debug|x64
		{69EEBC60-F1C2-4E6C-B67C-7621C8D2165E}.Debug|x86.ActiveCfg = Debug|Win32
		{69EEBC60-F1C2-4E6C-B67C-7621C8D2165E}.Debug|x86.Build.0 = Debug|Win32
		{69EEBC60-F1C2-4E6C-B67C-7621C8D2165E}.Release|ARM64.ActiveCfg = Release|ARM64
		{69EEBC60-F1C2-4E6C-B67C-7621C8D2165E}.Release|ARM64.Build.0 = Release|ARM64
		{69EEBC60-F1C2-4E6C-B67C-7621C8D2165E}.Release|x64.ActiveCfg = Release|x64
		{69EEBC60-F1C2-4E6C-B67C-7621C8D2165E}.Release|x64.Build.0 = Release|x64
		{69EEBC60-F1C2-4E6C-B67C-7621C8D2165E}.Release|x86.ActiveCfg = Release|Win32
		{69EEBC60-F1C2-4E6C-B67C-7621C8D2165E}.Release|x86.Build.0 = Release|Win32
		{2B3D59DB-68CF-4D49-9A91-4CBF5EF02C0B}.Debug|ARM64.ActiveCfg = Debug|ARM64
		{2B3D59DB-68CF-4D49-9A91-4CBF5EF02C0B}.Debug|ARM64.Build.0 = Debug|ARM64
		{2B3D59DB-68CF-4D49-9A91-4CBF5EF02C0B}.Debug|x64.ActiveCfg = Debug|x64
		{2B3D59DB-68CF-4D49-9A91-4CBF5EF02C0B}.Debug|x64.Build.0 = Debug|x64
		{2B3D59DB-68CF-4D49-9A91-4CBF5EF02C0B}.Debug|x86.ActiveCfg = Debug|Win32
		{2B3D59DB-68CF-4D49-9A91-4CBF5EF02C0B}.Debug|x86.Build.0 = Debug|Win32
		{2B3D59DB-68CF-4D49-9A91-4CBF5EF02C0B}.Release|ARM64.ActiveCfg = Release|ARM64
		{2B3D59DB-68CF-4D49-9A91-4CBF5EF02C0B}.Release|ARM64.Build.0 = Release|ARM64
		{2B3D59DB-68CF-4D49-9A91-4CBF5EF02C0B}.Release|x64.ActiveCfg = Release|x64
		{2B3D59DB-68CF-4D49-9A91-4CBF5EF02C0B}.Release|x64.Build.0 = Release|x64
		{2B3D59DB-68CF-4D49-9A91-4CBF5EF02C0B}.Release|x86.ActiveCfg = Release|Win32
		{2B3D59DB-68CF-4D49-9A91-4CBF5EF02C0B}.Release|x86.Build.0 = Release|Win32
		{423AF331-71EB-4E51-8AAC-FE02D790FAB7}.Debug|ARM64.ActiveCfg = Debug|ARM64
		{423AF331-71EB-4E51-8AAC-FE02D790FAB7}.Debug|ARM64.Build.0 = Debug|ARM64
		{423AF331-71EB-4E51-8AAC-FE02D790FAB7}.Debug|x64.ActiveCfg = Debug|x64
		{423AF331-71EB-4E51-8AAC-FE02D790FAB7}.Debug|x64.Build.0 = Debug|x64
		{423AF331-71EB-4E51-8AAC-FE02D790FAB7}.Debug|x86.ActiveCfg = Debug|Win32
		{423AF331-71EB-4E51-8AAC-FE02D790FAB7}.Debug|x86.Build.0 = Debug|Win32
		{423AF331-71EB-4E51-8AAC-FE02D790FAB7}.Release|ARM64.ActiveCfg = Release|ARM64
		{423AF331-71EB-4E51-8AAC-FE02D790FAB7}.Release|ARM64.Build.0 = Release|ARM64
		{423AF331-71EB-4E51-8AAC-FE02D790FAB7}.Release|x64.ActiveCfg = Release|x64
		{423AF331-71EB-4E51-8AAC-FE02D790FAB7}.Release|x64.Build.0 = Release|x64
		{423AF331-71EB-4E51-8AAC-FE02D790FAB7}.Release|x86.ActiveCfg = Release|Win32
		{423AF331-71EB-4E51-8AAC-FE02D790FAB7}.Release|x86.Build.0 = Release|Win32
		{D4992B1F-E70D-481F-B569-B930AE7DC9E9}.Debug|ARM64.ActiveCfg = Debug|ARM64
		{D4992B1F-E70D-481F-B569-B930AE7DC9E9}.Debug|ARM64.Build.0 = Debug|ARM64
		{D4992B1F-E70D-481F-B569-B930AE7DC9E9}.Debug|x64.ActiveCfg = Debug|x64
		{D4992B1F-E70D-481F-B569-B930AE7DC9E9}.Debug|x64.Build.0 = Debug|x64
		{D4992B1F-E70D-481F-B569-B930AE7DC9E9}.Debug|x86.ActiveCfg = Debug|Win32
		{D4992B1F-E70D-481F-B569-B930AE7DC9E9}.Debug|x86.Build.0 = Debug|Win32
		{D4992B1F-E70D-481F-B569-B930AE7DC9E9}.Release|ARM64.ActiveCfg = Release|ARM64
		{D4992B1F-E70D-481F-B569-B930AE7DC9E9}.Release|ARM64.Build.0 = Release|ARM64
		{D4992B1F-E70D-481F-B569-B930AE7DC9E9}.Release|x64.ActiveCfg = Release|x64
		{D4992B1F-E70D-481F-B569-B930AE7DC9E9}.Release|x64.Build.0 = Release|x64
		{D4992B1F-E70D-481F-B569-B930AE7DC9E9}.Release|x86.ActiveCfg = Release|Win32
		{D4992B1F-E70D-481F-B569-B930AE7DC9E9}.Release|x86.Build.0 = Release|Win32
		{6C90F6AF-C011-4E00-A15B-68B63D4043B7}.Debug|ARM64.ActiveCfg = Debug|ARM64
		{6C90F6AF-C011-4E00-A15B-68B63D4043B7}.Debug|ARM64.Build.0 = Debug|ARM64
		{6C90F6AF-C011-4E00-A15B-68B63D4043B7}.Debug|x64.ActiveCfg = Debug|x64
		{6C90F6AF-C011-4E00-A15B-68B63D4043B7}.Debug|x64.Build.0 = Debug|x64
		{6C90F6AF-C011-4E00-A15B-68B63D4043B7}.Debug|x86.ActiveCfg = Debug|Win32
		{6C90F6AF-C011-4E00-A15B-68B63D4043B7}.Debug|x86.Build.0 = Debug|Win32
		{6C90F6AF-C011-4E00-A15B-68B63D4043B7}.Release|ARM64.ActiveCfg = Release|ARM64
		{6C90F6AF-C011-4E00-A15B-68B63D4043B7}.Release|ARM64.Build.0 = Release|ARM64
		{6C90F6AF-C011-4E00-A15B-68B63D4043B7}.Release|x64.ActiveCfg = Release|x64
		{6C90F6AF-C011-4E00-A15B-68B63D4043B7}.Release|x64.Build.0 = Release|x64
		{6C90F6AF-C011-4E00-A15B-68B63D4043B7}.Release|x86.ActiveCfg = Release|Win32
		{6C90F6AF-C011-4E00-A15B-68B63D4043B7}.Release|x86.Build.0 = Release|Win32
		{B8539C24-6015-425F-88E7-6663AA29B5C0}.Debug|ARM64.ActiveCfg = Debug|ARM64
		{B8539C24-6015-425F-88E7-6663AA29B5C0}.Debug|ARM64.Build.0 = Debug|ARM64
		{B8539C24-6015-425F-88E7-6663AA29B5C0}.Debug|x64.ActiveCfg = Debug|x64
		{B8539C24-6015-425F-88E7-6663AA29B5C0}.Debug|x64.Build.0 = Debug|x64
		{B8539C24-6015-425F-88E7-6663AA29B5C0}.Debug|x86.ActiveCfg = Debug|Win32
		{B8539C24-6015-425F-88E7-6663AA29B5C0}.Debug|x86.Build.0 = Debug|Win32
		{B8539C24-6015-425F-88E7-6663AA29B5C0}.Release|ARM64.ActiveCfg = Release|ARM64
		{B8539C24-6015-425F-88E7-6663AA29B5C0}.Release|ARM64.Build.0 = Release|ARM64
		{B8539C24-6015-425F-88E7-6663AA29B5C0}.Release|x64.ActiveCfg = Release|x64
		{B8539C24-6015-425F-88E7-6663AA29B5C0}.Release|x64.Build.0 = Release|x64
		{B8539C24-6015-425F-88E7-6663AA29B5C0}.Release|x86.ActiveCfg = Release|Win32
		{B8539C24-6015-425F-88E7-6663AA29B5C0}.Release|x86.Build.0 = Release|Win32
		{6E4A8BAD-77AD-4B03-AC5F-A05157100EEF}.Debug|ARM64.ActiveCfg = Debug|ARM64
		{6E4A8BAD-77AD-4B03-AC5F-A05157100EEF}.Debug|ARM64.Build.0 = Debug|ARM64
		{6E4A8BAD-77AD-4B03-AC5F-A05157100EEF}.Debug|x64.ActiveCfg = Debug|x64
		{6E4A8BAD-77AD-4B03-AC5F-A05157100EEF}.Debug|x64.Build.0 = Debug|x64
		{6E4A8BAD-77AD-4B03-AC5F-A05157100EEF}.Debug|x86.ActiveCfg = Debug|Win32
		{6E4A8BAD-77AD-4B03-AC5F-A05157100EEF}.Debug|x86.Build.0 = Debug|Win32
		{6E4A8BAD-77AD-4B03-AC5F-A05157100EEF}.Release|ARM64.ActiveCfg = Release|ARM64
		{6E4A8BAD-77AD-4B03-AC5F-A05157100EEF}.Release|ARM64.Build.0 = Release|ARM64
		{6E4A8BAD-77AD-4B03-AC5F-A05157100EEF}.Release|x64.ActiveCfg = Release|x64
		{6E4A8BAD-77AD-4B03-AC5F-A05157100EEF}.Release|x64.Build.0 = Release|x64
		{6E4A8BAD-77AD-4B03-AC5F-A05157100EEF}.Release|x86.ActiveCfg = Release|Win32
		{6E4A8BAD-77AD-4B03-AC5F-A05157100EEF}.Release|x86.Build.0 = Release|Win32
		{D75A3CBE-3EF1-408E-8F6D-02166506AC42}.Debug|ARM64.ActiveCfg = Debug|ARM64
		{D75A3CBE-3EF1-408E-8F6D-02166506AC42}.Debug|ARM64.Build.0 = Debug|ARM64
		{D75A3CBE-3EF1-408E-8F6D-02166506AC42}.Debug|x64.ActiveCfg = Debug|x64
		{D75A3CBE-3EF1-408E-8F6D-02166506AC42}.Debug|x64.Build.0 = Debug|x64
		{D75A3CBE-3EF1-408E-8F6D-02166506AC42}.Debug|x86.ActiveCfg = Debug|Win32
		{D75A3CBE-3EF1-408E-8F6D-02166506AC42}.Debug|x86.Build.0 = Debug|Win32
		{D75A3CBE-3EF1-408E-8F6D-02166506AC42}.Release|ARM64.ActiveCfg = Release|ARM64
		{D75A3CBE-3EF1-408E-8F6D-02166506AC42}.Release|ARM64.Build.0 = Release|ARM64
		{D75A3CBE-3EF1-408E-8F6D-02166506AC42}.Release|x64.ActiveCfg = Release|x64
		{D75A3CBE-3EF1-408E-8F6D-02166506AC42}.Release|x64.Build.0 = Release|x64
		{D75A3CBE-3EF1-408E-8F6D-02166506AC42}.Release|x86.ActiveCfg = Release|Win32
		{D75A3CBE-3EF1-408E-8F6D-02166506AC42}.Release|x86.Build.0 = Release|Win32
		{20136C92-52D9-47FC-9553-30113CCD2631}.Debug|ARM64.ActiveCfg = Debug|ARM64
		{20136C92-52D9-47FC-9553-30113CCD2631}.Debug|ARM64.Build.0 = Debug|ARM64
		{20136C92-52D9-47FC-9553-30113CCD2631}.Debug|x64.ActiveCfg = Debug|x64
		{20136C92-52D9-47FC-9553-30113CCD2631}.Debug|x64.Build.0 = Debug|x64
		{20136C92-52D9-47FC-9553-30113CCD2631}.Debug|x86.ActiveCfg = Debug|Win32
		{20136C92-52D9-47FC-9553-30113CCD2631}.Debug|x86.Build.0 = Debug|Win32
		{20136C92-52D9-47FC-9553-30113CCD2631}.Release|ARM64.ActiveCfg = Release|ARM64
		{20136C92-52D9-47FC-9553-30113CCD2631}.Release|ARM64.Build.0 = Release|ARM64
		{20136C92-52D9-47FC-9553-30113CCD2631}.Release|x64.ActiveCfg = Release|x64
		{20136C92-52D9-47FC-9553-30113CCD2631}.Release|x64.Build.0 = Release|x64
		{20136C92-52D9-47FC-9553-30113CCD2631}.Release|x86.ActiveCfg = Release|Win32
		{20136C92-52D9-47FC-9553-30113CCD2631}.Release|x86.Build.0 = Release|Win32
		{0366299A-655D-436D-94BD-641C8FD4F1DB}.Debug|ARM64.ActiveCfg = Debug|ARM64
		{0366299A-655D-436D-94BD-641C8FD4F1DB}.Debug|ARM64.Build.0 = Debug|ARM64
		{0366299A-655D-436D-94BD-641C8FD4F1DB}.Debug|x64.ActiveCfg = Debug|x64
		{0366299A-655D-436D-94BD-641C8FD4F1DB}.Debug|x64.Build.0 = Debug|x64
		{0366299A-655D-436D-94BD-641C8FD4F1DB}.Debug|x86.ActiveCfg = Debug|Win32
		{0366299A-655D-436D-94BD-641C8FD4F1DB}.Debug|x86.Build.0 = Debug|Win32
		{0366299A-655D-436D-94BD-641C8FD4F1DB}.Release|ARM64.ActiveCfg = Release|ARM64
		{0366299A-655D-436D-94BD-641C8FD4F1DB}.Release|ARM64.Build.0 = Release|ARM64
		{0366299A-655D-436D-94BD-641C8FD4F1DB}.Release|x64.ActiveCfg = Release|x64
		{0366299A-655D-436D-94BD-641C8FD4F1DB}.Release|x64.Build.0 = Release|x64
		{0366299A-655D-436D-94BD-641C8FD4F1DB}.Release|x86.ActiveCfg = Release|Win32
		{0366299A-655D-436D-94BD-641C8FD4F1DB}.Release|x86.Build.0 = Release|Win32
		{8F0877EA-2DFB-4B10-B582-DFFAAD85D73F}.Debug|ARM64.ActiveCfg = Debug|ARM64
		{8F0877EA-2DFB-4B10-B582-DFFAAD85D73F}.Debug|ARM64.Build.0 = Debug|ARM64
		{8F0877EA-2DFB-4B10-B582-DFFAAD85D73F}.Debug|x64.ActiveCfg = Debug|x64
		{8F0877EA-2DFB-4B10-B582-DFFAAD85D73F}.Debug|x64.Build.0 = Debug|x64
		{8F0877EA-2DFB-4B10-B582-DFFAAD85D73F}.Debug|x86.ActiveCfg = Debug|Win32
		{8F0877EA-2DFB-4B10-B582-DFFAAD85D73F}.Debug|x86.Build.0 = Debug|Win32
		{8F0877EA-2DFB-4B10-B582-DFFAAD85D73F}.Release|ARM64.ActiveCfg = Release|ARM64
		{8F0877EA-2DFB-4B10-B582-DFFAAD85D73F}.Release|ARM64.Build.0 = Release|ARM64
		{8F0877EA-2DFB-4B10-B582-DFFAAD85D73F}.Release|x64.ActiveCfg = Release|x64
		{8F0877EA-2DFB-4B10-B582-DFFAAD85D73F}.Release|x64.Build.0 = Release|x64
		{8F0877EA-2DFB-4B10-B582-DFFAAD85D73F}.Release|x86.ActiveCfg = Release|Win32
		{8F0877EA-2DFB-4B10-B582-DFFAAD85D73F}.Release|x86.Build.0 = Release|Win32
		{6FC9F43F-740C-4C30-A52F-51A3C83F58F3}.Debug|ARM64.ActiveCfg = Debug|ARM64
		{6FC9F43F-740C-4C30-A52F-51A3C83F58F3}.Debug|ARM64.Build.0 = Debug|ARM64
		{6FC9F43F-740C-4C30-A52F-51A3C83F58F3}.Debug|x64.ActiveCfg = Debug|x64
		{6FC9F43F-740C-4C30-A52F-51A3C83F58F3}.Debug|x64.Build.0 = Debug|x64
		{6FC9F43F-740C-4C30-A52F-51A3C83F58F3}.Debug|x86.ActiveCfg = Debug|Win32
		{6FC9F43F-740C-4C30-A52F-51A3C83F58F3}.Debug|x86.Build.0 = Debug|Win32
		{6FC9F43F-740C-4C30-A52F-51A3C83F58F3}.Release|ARM64.ActiveCfg = Release|ARM64
		{6FC9F43F-740C-4C30-A52F-51A3C83F58F3}.Release|ARM64.Build.0 = Release|ARM64
		{6FC9F43F-740C-4C30-A52F-51A3C83F58F3}.Release|x64.ActiveCfg = Release|x64
		{6FC9F43F-740C-4C30-A52F-51A3C83F58F3}.Release|x64.Build.0 = Release|x64
		{6FC9F43F-740C-4C30-A52F-51A3C83F58F3}.Release|x86.ActiveCfg = Release|Win32
		{6FC9F43F-740C-4C30-A52F-51A3C83F58F3}.Release|x86.Build.0 = Release|Win32
		{14DFEEAB-09B2-4F00-8FD2-EF856B5E7F73}.Debug|ARM64.ActiveCfg = Debug|ARM64
		{14DFEEAB-09B2-4F00-8FD2-EF856B5E7F73}.Debug|ARM64.Build.0 = Debug|ARM64
		{14DFEEAB-09B2-4F00-8FD2-EF856B5E7F73}.Debug|x64.ActiveCfg = Debug|x64
		{14DFEEAB-09B2-4F00-8FD2-EF856B5E7F73}.Debug|x64.Build.0 = Debug|x64
		{14DFEEAB-09B2-4F00-8FD2-EF856B5E7F73}.Debug|x86.ActiveCfg = Debug|Win32
		{14DFEEAB-09B2-4F00-8FD2-EF856B5E7F73}.Debug|x86.Build.0 = Debug|Win32
		{14DFEEAB-09B2-4F00-8FD2-EF856B5E7F73}.Release|ARM64.ActiveCfg = Release|ARM64
		{14DFEEAB-09B2-4F00-8FD2-EF856B5E7F73}.Release|ARM64.Build.0 = Release|ARM64
		{14DFEEAB-09B2-4F00-8FD2-EF856B5E7F73}.Release|x64.ActiveCfg = Release|x64
		{14DFEEAB-09B2-4F00-8FD2-EF856B5E7F73}.Release|x64.Build.0 = Release|x64
		{14DFEEAB-09B2-4F00-8FD2-EF856B5E7F73}.Release|x86.ActiveCfg = Release|Win32
		{14DFEEAB-09B2-4F00-8FD2-EF856B5E7F73}.Release|x86.Build.0 = Release|Win32
		{17A2C578-2C62-4152-8643-4D199C864EA0}.Debug|ARM64.ActiveCfg = Debug|ARM64
		{17A2C578-2C62-4152-8643-4D199C864EA0}.Debug|ARM64.Build.0 = Debug|ARM64
		{17A2C578-2C62-4152-8643-4D199C864EA0}.Debug|x64.ActiveCfg = Debug|x64
		{17A2C578-2C62-4152-8643-4D199C864EA0}.Debug|x64.Build.0 = Debug|x64
		{17A2C578-2C62-4152-8643-4D199C864EA0}.Debug|x86.ActiveCfg = Debug|Win32
		{17A2C578-2C62-4152-8643-4D199C864EA0}.Debug|x86.Build.0 = Debug|Win32
		{17A2C578-2C62-4152-8643-4D199C864EA0}.Release|ARM64.ActiveCfg = Release|ARM64
		{17A2C578-2C62-4152-8643-4D199C864EA0}.Release|ARM64.Build.0 = Release|ARM64
		{17A2C578-2C62-4152-8643-4D199C864EA0}.Release|x64.ActiveCfg = Release|x64
		{17A2C578-2C62-4152-8643-4D199C864EA0}.Release|x64.Build.0 = Release|x64
		{17A2C578-2C62-4152-8643-4D199C864EA0}.Release|x86.ActiveCfg = Release|Win32
		{17A2C578-2C62-4152-8643-4D199C864EA0}.Release|x86.Build.0 = Release|Win32
		{6826E61D-493D-41A5-9357-C4227B9EDFF8}.Debug|ARM64.ActiveCfg = Debug|ARM64
		{6826E61D-493D-41A5-9357-C4227B9EDFF8}.Debug|ARM64.Build.0 = Debug|ARM64
		{6826E61D-493D-41A5-9357-C4227B9EDFF8}.Debug|x64.ActiveCfg = Debug|x64
		{6826E61D-493D-41A5-9357-C4227B9EDFF8}.Debug|x64.Build.0 = Debug|x64
		{6826E61D-493D-41A5-9357-C4227B9EDFF8}.Debug|x86.ActiveCfg = Debug|Win32
		{6826E61D-493D-41A5-9357-C4227B9EDFF8}.Debug|x86.Build.0 = Debug|Win32
		{6826E61D-493D-41A5-9357-C4227B9EDFF8}.Release|ARM64.ActiveCfg = Release|ARM64
		{6826E61D-493D-41A5-9357-C4227B9EDFF8}.Release|ARM64.Build.0 = Release|ARM64
		{6826E61D-493D-41A5-9357-C4227B9EDFF8}.Release|x64.ActiveCfg = Release|x64
		{6826E61D-493D-41A5-9357-C4227B9EDFF8}.Release|x64.Build.0 = Release|x64
		{6826E61D-493D-41A5-9357-C4227B9EDFF8}.Release|x86.ActiveCfg = Release|Win32
		{6826E61D-493D-41A5-9357-C4227B9EDFF8}.Release|x86.Build.0 = Release|Win32
		{B42FCFE1-367B-418A-AA06-7F250F6E3EF9}.Debug|ARM64.ActiveCfg = Debug|ARM64
		{B42FCFE1-367B-418A-AA06-7F250F6E3EF9}.Debug|ARM64.Build.0 = Debug|ARM64
		{B42FCFE1-367B-418A-AA06-7F250F6E3EF9}.Debug|x64.ActiveCfg = Debug|x64
		{B42FCFE1-367B-418A-AA06-7F250F6E3EF9}.Debug|x64.Build.0 = Debug|x64
		{B42FCFE1-367B-418A-AA06-7F250F6E3EF9}.Debug|x86.ActiveCfg = Debug|Win32
		{B42FCFE1-367B-418A-AA06-7F250F6E3EF9}.Debug|x86.Build.0 = Debug|Win32
		{B42FCFE1-367B-418A-AA06-7F250F6E3EF9}.Release|ARM64.ActiveCfg = Release|ARM64
		{B42FCFE1-367B-418A-AA06-7F250F6E3EF9}.Release|ARM64.Build.0 = Release|ARM64
		{B42FCFE1-367B-418A-AA06-7F250F6E3EF9}.Release|x64.ActiveCfg = Release|x64
		{B42FCFE1-367B-418A-AA06-7F250F6E3EF9}.Release|x64.Build.0 = Release|x64
		{B42FCFE1-367B-418A-AA06-7F250F6E3EF9}.Release|x86.ActiveCfg = Release|Win32
		{B42FCFE1-367B-418A-AA06-7F250F6E3EF9}.Release|x86.Build.0 = Release|Win32
		{46A18BF2-E1A8-4843-9771-5AD77746BDE7}.Debug|ARM64.ActiveCfg = Debug|ARM64
		{46A18BF2-E1A8-4843-9771-5AD77746BDE7}.Debug|ARM64.Build.0 = Debug|ARM64
		{46A18BF2-E1A8-4843-9771-5AD77746BDE7}.Debug|x64.ActiveCfg = Debug|x64
		{46A18BF2-E1A8-4843-9771-5AD77746BDE7}.Debug|x64.Build.0 = Debug|x64
		{46A18BF2-E1A8-4843-9771-5AD77746BDE7}.Debug|x86.ActiveCfg = Debug|Win32
		{46A18BF2-E1A8-4843-9771-5AD77746BDE7}.Debug|x86.Build.0 = Debug|Win32
		{46A18BF2-E1A8-4843-9771-5AD77746BDE7}.Release|ARM64.ActiveCfg = Release|ARM64
		{46A18BF2-E1A8-4843-9771-5AD77746BDE7}.Release|ARM64.Build.0 = Release|ARM64
		{46A18BF2-E1A8-4843-9771-5AD77746BDE7}.Release|x64.ActiveCfg = Release|x64
		{46A18BF2-E1A8-4843-9771-5AD77746BDE7}.Release|x64.Build.0 = Release|x64
		{46A18BF2-E1A8-4843-9771-5AD77746BDE7}.Release|x86.ActiveCfg = Release|Win32
		{46A18BF2-E1A8-4843-9771-5AD77746BDE7}.Release|x86.Build.0 = Release|Win32
		{5041CC93-A613-4493-B21C-A3037AB5A0FF}.Debug|ARM64.ActiveCfg = Debug|ARM64
		{5041CC93-A613-4493-B21C-A3037AB5A0FF}.Debug|ARM64.Build.0 = Debug|ARM64
		{5041CC93-A613-4493-B21C-A3037AB5A0FF}.Debug|x64.ActiveCfg = Debug|x64
		{5041CC93-A613-4493-B21C-A3037AB5A0FF}.Debug|x64.Build.0 = Debug|x64
		{5041CC93-A613-4493-B21C-A3037AB5A0FF}.Debug|x86.ActiveCfg = Debug|Win32
		{5041CC93-A613-4493-B21C-A3037AB5A0FF}.Debug|x86.Build.0 = Debug|Win32
		{5041CC93-A613-4493-B21C-A3037AB5A0FF}.Release|ARM64.ActiveCfg = Release|ARM64
		{5041CC93-A613-4493-B21C-A3037AB5A0FF}.Release|ARM64.Build.0 = Release|ARM64
		{5041CC93-A613-4493-B21C-A3037AB5A0FF}.Release|x64.ActiveCfg = Release|x64
		{5041CC93-A613-4493-B21C-A3037AB5A0FF}.Release|x64.Build.0 = Release|x64
		{5041CC93-A613-4493-B21C-A3037AB5A0FF}.Release|x86.ActiveCfg = Release|Win32
		{5041CC93-A613-4493-B21C-A3037AB5A0FF}.Release|x86.Build.0 = Release|Win32
		{69E3414C-FA87-40D2-B5B1-89EED0BC6152}.Debug|ARM64.ActiveCfg = Debug|ARM64
		{69E3414C-FA87-40D2-B5B1-89EED0BC6152}.Debug|ARM64.Build.0 = Debug|ARM64
		{69E3414C-FA87-40D2-B5B1-89EED0BC6152}.Debug|x64.ActiveCfg = Debug|x64
		{69E3414C-FA87-40D2-B5B1-89EED0BC6152}.Debug|x64.Build.0 = Debug|x64
		{69E3414C-FA87-40D2-B5B1-89EED0BC6152}.Debug|x86.ActiveCfg = Debug|Win32
		{69E3414C-FA87-40D2-B5B1-89EED0BC6152}.Debug|x86.Build.0 = Debug|Win32
		{69E3414C-FA87-40D2-B5B1-89EED0BC6152}.Release|ARM64.ActiveCfg = Release|ARM64
		{69E3414C-FA87-40D2-B5B1-89EED0BC6152}.Release|ARM64.Build.0 = Release|ARM64
		{69E3414C-FA87-40D2-B5B1-89EED0BC6152}.Release|x64.ActiveCfg = Release|x64
		{69E3414C-FA87-40D2-B5B1-89EED0BC6152}.Release|x64.Build.0 = Release|x64
		{69E3414C-FA87-40D2-B5B1-89EED0BC6152}.Release|x86.ActiveCfg = Release|Win32
		{69E3414C-FA87-40D2-B5B1-89EED0BC6152}.Release|x86.Build.0 = Release|Win32
		{DDB62BC5-7B38-4013-AF96-F90818C2ACF9}.Debug|ARM64.ActiveCfg = Debug|ARM64
		{DDB62BC5-7B38-4013-AF96-F90818C2ACF9}.Debug|ARM64.Build.0 = Debug|ARM64
		{DDB62BC5-7B38-4013-AF96-F90818C2ACF9}.Debug|x64.ActiveCfg = Debug|x64
		{DDB62BC5-7B38-4013-AF96-F90818C2ACF9}.Debug|x64.Build.0 = Debug|x64
		{DDB62BC5-7B38-4013-AF96-F90818C2ACF9}.Debug|x86.ActiveCfg = Debug|Win32
		{DDB62BC5-7B38-4013-AF96-F90818C2ACF9}.Debug|x86.Build.0 = Debug|Win32
		{DDB62BC5-7B38-4013-AF96-F90818C2ACF9}.Release|ARM64.ActiveCfg = Release|ARM64
		{DDB62BC5-7B38-4013-AF96-F90818C2ACF9}.Release|ARM64.Build.0 = Release|ARM64
		{DDB62BC5-7B38-4013-AF96-F90818C2ACF9}.Release|x64.ActiveCfg = Release|x64
		{DDB62BC5-7B38-4013-AF96-F90818C2ACF9}.Release|x64.Build.0 = Release|x64
		{DDB62BC5-7B38-4013-AF96-F90818C2ACF9}.Release|x86.ActiveCfg = Release|Win32
		{DDB62BC5-7B38-4013-AF96-F90818C2ACF9}.Release|x86.Build.0 = Release|Win32
		{57875F99-EC38-417C-B60F-4DD2C057772B}.Debug|ARM64.ActiveCfg = Debug|ARM64
		{57875F99-EC38-417C-B60F-4DD2C057772B}.Debug|ARM64.Build.0 = Debug|ARM64
		{57875F99-EC38-417C-B60F-4DD2C057772B}.Debug|x64.ActiveCfg = Debug|x64
		{57875F99-EC38-417C-B60F-4DD2C057772B}.Debug|x64.Build.0 = Debug|x64
		{57875F99-EC38-417C-B60F-4DD2C057772B}.Debug|x86.ActiveCfg = Debug|Win32
		{57875F99-EC38-417C-B60F-4DD2C057772B}.Debug|x86.Build.0 = Debug|Win32
		{57875F99-EC38-417C-B60F-4DD2C057772B}.Release|ARM64.ActiveCfg = Release|ARM64
		{57875F99-EC38-417C-B60F-4DD2C057772B}.Release|ARM64.Build.0 = Release|ARM64
		{57875F99-EC38-417C-B60F-4DD2C057772B}.Release|x64.ActiveCfg = Release|x64
		{57875F99-EC38-417C-B60F-4DD2C057772B}.Release|x64.Build.0 = Release|x64
		{57875F99-EC38-417C-B60F-4DD2C057772B}.Release|x86.ActiveCfg = Release|Win32
		{57875F99-EC38-417C-B60F-4DD2C057772B}.Release|x86.Build.0 = Release|Win32
		{DE17647C-320A-4CCA-ADA7-4881C1A6E8E7}.Debug|ARM64.ActiveCfg = Debug|ARM64
		{DE17647C-320A-4CCA-ADA7-4881C1A6E8E7}.Debug|ARM64.Build.0 = Debug|ARM64
		{DE17647C-320A-4CCA-ADA7-4881C1A6E8E7}.Debug|x64.ActiveCfg = Debug|x64
		{DE17647C-320A-4CCA-ADA7-4881C1A6E8E7}.Debug|x64.Build.0 = Debug|x64
		{DE17647C-320A-4CCA-ADA7-4881C1A6E8E7}.Debug|x86.ActiveCfg = Debug|Win32
		{DE17647C-320A-4CCA-ADA7-4881C1A6E8E7}.Debug|x86.Build.0 = Debug|Win32
		{DE17647C-320A-4CCA-ADA7-4881C1A6E8E7}.Release|ARM64.ActiveCfg = Release|ARM64
		{DE17647C-320A-4CCA-ADA7-4881C1A6E8E7}.Release|ARM64.Build.0 = Release|ARM64
		{DE17647C-320A-4CCA-ADA7-4881C1A6E8E7}.Release|x64.ActiveCfg = Release|x64
		{DE17647C-320A-4CCA-ADA7-4881C1A6E8E7}.Release|x64.Build.0 = Release|x64
		{DE17647C-320A-4CCA-ADA7-4881C1A6E8E7}.Release|x86.ActiveCfg = Release|Win32
		{DE17647C-320A-4CCA-ADA7-4881C1A6E8E7}.Release|x86.Build.0 = Release|Win32
		{0F75352D-DF03-4CDA-9777-29E0ED9C607E}.Debug|ARM64.ActiveCfg = Debug|ARM64
		{0F75352D-DF03-4CDA-9777-29E0ED9C607E}.Debug|ARM64.Build.0 = Debug|ARM64
		{0F75352D-DF03-4CDA-9777-29E0ED9C607E}.Debug|x64.ActiveCfg = Debug|x64
		{0F75352D-DF03-4CDA-9777-29E0ED9C607E}.Debug|x64.Build.0 = Debug|x64
		{0F75352D-DF03-4CDA-9777-29E0ED9C607E}.Debug|x86.ActiveCfg = Debug|Win32
		{0F75352D-DF03-4CDA-9777-29E0ED9C607E}.Debug|x86.Build.0 = Debug|Win32
		{0F75352D-DF03-4CDA-9777-29E0ED9C607E}.Release|ARM64.ActiveCfg = Release|ARM64
		{0F75352D-DF03-4CDA-9777-29E0ED9C607E}.Release|ARM64.Build.0 = Release|ARM64
		{0F75352D-DF03-4CDA-9777-29E0ED9C607E}.Release|x64.ActiveCfg = Release|x64
		{0F75352D-DF03-4CDA-9777-29E0ED9C607E}.Release|x64.Build.0 = Release|x64
		{0F75352D-DF03-4CDA-9777-29E0ED9C607E}.Release|x86.ActiveCfg = Release|Win32
		{0F75352D-DF03-4CDA-9777-29E0ED9C607E}.Release|x86.Build.0 = Release|Win32
		{B5AD922E-F4FC-4395-A411-46551C396DD4}.Debug|ARM64.ActiveCfg = Debug|ARM64
		{B5AD922E-F4FC-4395-A411-46551C396DD4}.Debug|ARM64.Build.0 = Debug|ARM64
		{B5AD922E-F4FC-4395-A411-46551C396DD4}.Debug|x64.ActiveCfg = Debug|x64
		{B5AD922E-F4FC-4395-A411-46551C396DD4}.Debug|x64.Build.0 = Debug|x64
		{B5AD922E-F4FC-4395-A411-46551C396DD4}.Debug|x86.ActiveCfg = Debug|Win32
		{B5AD922E-F4FC-4395-A411-46551C396DD4}.Debug|x86.Build.0 = Debug|Win32
		{B5AD922E-F4FC-4395-A411-46551C396DD4}.Release|ARM64.ActiveCfg = Release|ARM64
		{B5AD922E-F4FC-4395-A411-46551C396DD4}.Release|ARM64.Build.0 = Release|ARM64
		{B5AD922E-F4FC-4395-A411-46551C396DD4}.Release|x64.ActiveCfg = Release|x64
		{B5AD922E-F4FC-4395-A411-46551C396DD4}.Release|x64.Build.0 = Release|x64
		{B5AD922E-F4FC-4395-A411-46551C396DD4}.Release|x86.ActiveCfg = Release|Win32
		{B5AD922E-F4FC-4395-A411-46551C396DD4}.Release|x86.Build.0 = Release|Win32
		{2521349B-AF72-4BCD-8F78-F97C3EC1FC97}.Debug|ARM64.ActiveCfg = Debug|ARM64
		{2521349B-AF72-4BCD-8F78-F97C3EC1FC97}.Debug|ARM64.Build.0 = Debug|ARM64
		{2521349B-AF72-4BCD-8F78-F97C3EC1FC97}.Debug|x64.ActiveCfg = Debug|x64
		{2521349B-AF72-4BCD-8F78-F97C3EC1FC97}.Debug|x64.Build.0 = Debug|x64
		{2521349B-AF72-4BCD-8F78-F97C3EC1FC97}.Debug|x86.ActiveCfg = Debug|Win32
		{2521349B-AF72-4BCD-8F78-F97C3EC1FC97}.Debug|x86.Build.0 = Debug|Win32
		{2521349B-AF72-4BCD-8F78-F97C3EC1FC97}.Release|ARM64.ActiveCfg = Release|ARM64
		{2521349B-AF72-4BCD-8F78-F97C3EC1FC97}.Release|ARM64.Build.0 = Release|ARM64
		{2521349B-AF72-4BCD-8F78-F97C3EC1FC97}.Release|x64.ActiveCfg = Release|x64
		{2521349B-AF72-4BCD-8F78-F97C3EC1FC97}.Release|x64.Build.0 = Release|x64
		{2521349B-AF72-4BCD-8F78-F97C3EC1FC97}.Release|x86.ActiveCfg = Release|Win32
		{2521349B-AF72-4BCD-8F78-F97C3EC1FC97}.Release|x86.Build.0 = Release|Win32
		{E429F11D-7F62-4501-A3CA-06A7458CDA26}.Debug|ARM64.ActiveCfg = Debug|ARM64
		{E429F11D-7F62-4501-A3CA-06A7458CDA26}.Debug|ARM64.Build.0 = Debug|ARM64
		{E429F11D-7F62-4501-A3CA-06A7458CDA26}.Debug|x64.ActiveCfg = Debug|x64
		{E429F11D-7F62-4501-A3CA-06A7458CDA26}.Debug|x64.Build.0 = Debug|x64
		{E429F11D-7F62-4501-A3CA-06A7458CDA26}.Debug|x86.ActiveCfg = Debug|Win32
		{E429F11D-7F62-4501-A3CA-06A7458CDA26}.Debug|x86.Build.0 = Debug|Win32
		{E429F11D-7F62-4501-A3CA-06A7458CDA26}.Release|ARM64.ActiveCfg = Release|ARM64
		{E429F11D-7F62-4501-A3CA-06A7458CDA26}.Release|ARM64.Build.0 = Release|ARM64
		{E429F11D-7F62-4501-A3CA-06A7458CDA26}.Release|x64.ActiveCfg = Release|x64
		{E429F11D-7F62-4501-A3CA-06A7458CDA26}.Release|x64.Build.0 = Release|x64
		{E429F11D-7F62-4501-A3CA-06A7458CDA26}.Release|x86.ActiveCfg = Release|Win32
		{E429F11D-7F62-4501-A3CA-06A7458CDA26}.Release|x86.Build.0 = Release|Win32
		{AF3705CA-2091-4780-AD95-C9DE5729FED9}.Debug|ARM64.ActiveCfg = Debug|ARM64
		{AF3705CA-2091-4780-AD95-C9DE5729FED9}.Debug|ARM64.Build.0 = Debug|ARM64
		{AF3705CA-2091-4780-AD95-C9DE5729FED9}.Debug|x64.ActiveCfg = Debug|x64
		{AF3705CA-2091-4780-AD95-C9DE5729FED9}.Debug|x64.Build.0 = Debug|x64
		{AF3705CA-2091-4780-AD95-C9DE5729FED9}.Debug|x86.ActiveCfg = Debug|Win32
		{AF3705CA-2091-4780-AD95-C9DE5729FED9}.Debug|x86.Build.0 = Debug|Win32
		{AF3705CA-2091-4780-AD95-C9DE5729FED9}.Release|ARM64.ActiveCfg = Release|ARM64
		{AF3705CA-2091-4780-AD95-C9DE5729FED9}.Release|ARM64.Build.0 = Release|ARM64
		{AF3705CA-2091-4780-AD95-C9DE5729FED9}.Release|x64.ActiveCfg = Release|x64
		{AF3705CA-2091-4780-AD95-C9DE5729FED9}.Release|x64.Build.0 = Release|x64
		{AF3705CA-2091-4780-AD95-C9DE5729FED9}.Release|x86.ActiveCfg = Release|Win32
		{AF3705CA-2091-4780-AD95-C9DE5729FED9}.Release|x86.Build.0 = Release|Win32
		{0B17C85F-22AE-4151-B6D2-26DDED07361B}.Debug|ARM64.ActiveCfg = Debug|ARM64
		{0B17C85F-22AE-4151-B6D2-26DDED07361B}.Debug|ARM64.Build.0 = Debug|ARM64
		{0B17C85F-22AE-4151-B6D2-26DDED07361B}.Debug|x64.ActiveCfg = Debug|x64
		{0B17C85F-22AE-4151-B6D2-26DDED07361B}.Debug|x64.Build.0 = Debug|x64
		{0B17C85F-22AE-4151-B6D2-26DDED07361B}.Debug|x86.ActiveCfg = Debug|Win32
		{0B17C85F-22AE-4151-B6D2-26DDED07361B}.Debug|x86.Build.0 = Debug|Win32
		{0B17C85F-22AE-4151-B6D2-26DDED07361B}.Release|ARM64.ActiveCfg = Release|ARM64
		{0B17C85F-22AE-4151-B6D2-26DDED07361B}.Release|ARM64.Build.0 = Release|ARM64
		{0B17C85F-22AE-4151-B6D2-26DDED07361B}.Release|x64.ActiveCfg = Release|x64
		{0B17C85F-22AE-4151-B6D2-26DDED07361B}.Release|x64.Build.0 = Release|x64
		{0B17C85F-22AE-4151-B6D2-26DDED07361B}.Release|x86.ActiveCfg = Release|Win32
		{0B17C85F-22AE-4151-B6D2-26DDED07361B}.Release|x86.Build.0 = Release|Win32
		{9C1ECB0E-F89C-4007-AE3D-E142703A4A60}.Debug|ARM64.ActiveCfg = Debug|ARM64
		{9C1ECB0E-F89C-4007-AE3D-E142703A4A60}.Debug|ARM64.Build.0 = Debug|ARM64
		{9C1ECB0E-F89C-4007-AE3D-E142703A4A60}.Debug|x64.ActiveCfg = Debug|x64
		{9C1ECB0E-F89C-4007-AE3D-E142703A4A60}.Debug|x64.Build.0 = Debug|x64
		{9C1ECB0E-F89C-4007-AE3D-E142703A4A60}.Debug|x86.ActiveCfg = Debug|Win32
		{9C1ECB0E-F89C-4007-AE3D-E142703A4A60}.Debug|x86.Build.0 = Debug|Win32
		{9C1ECB0E-F89C-4007-AE3D-E142703A4A60}.Release|ARM64.ActiveCfg = Release|ARM64
		{9C1ECB0E-F89C-4007-AE3D-E142703A4A60}.Release|ARM64.Build.0 = Release|ARM64
		{9C1ECB0E-F89C-4007-AE3D-E142703A4A60}.Release|x64.ActiveCfg = Release|x64
		{9C1ECB0E-F89C-4007-AE3D-E142703A4A60}.Release|x64.Build.0 = Release|x64
		{9C1ECB0E-F89C-4007-AE3D-E142703A4A60}.Release|x86.ActiveCfg = Release|Win32
		{9C1ECB0E-F89C-4007-AE3D-E142703A4A60}.Release|x86.Build.0 = Release|Win32
		{5A345860-9162-4C72-8691-FC1BA8906678}.Debug|ARM64.ActiveCfg = Debug|ARM64
		{5A345860-9162-4C72-8691-FC1BA8906678}.Debug|ARM64.Build.0 = Debug|ARM64
		{5A345860-9162-4C72-8691-FC1BA8906678}.Debug|x64.ActiveCfg = Debug|x64
		{5A345860-9162-4C72-8691-FC1BA8906678}.Debug|x64.Build.0 = Debug|x64
		{5A345860-9162-4C72-8691-FC1BA8906678}.Debug|x86.ActiveCfg = Debug|Win32
		{5A345860-9162-4C72-8691-FC1BA8906678}.Debug|x86.Build.0 = Debug|Win32
		{5A345860-9162-4C72-8691-FC1BA8906678}.Release|ARM64.ActiveCfg = Release|ARM64
		{5A345860-9162-4C72-8691-FC1BA8906678}.Release|ARM64.Build.0 = Release|ARM64
		{5A345860-9162-4C72-8691-FC1BA8906678}.Release|x64.ActiveCfg = Release|x64
		{5A345860-9162-4C72-8691-FC1BA8906678}.Release|x64.Build.0 = Release|x64
		{5A345860-9162-4C72-8691-FC1BA8906678}.Release|x86.ActiveCfg = Release|Win32
		{5A345860-9162-4C72-8691-FC1BA8906678}.Release|x86.Build.0 = Release|Win32
		{D82425CF-3372-4F65-88AD-D96A2C80E3B0}.Debug|ARM64.ActiveCfg = Debug|ARM64
		{D82425CF-3372-4F65-88AD-D96A2C80E3B0}.Debug|ARM64.Build.0 = Debug|ARM64
		{D82425CF-3372-4F65-88AD-D96A2C80E3B0}.Debug|x64.ActiveCfg = Debug|x64
		{D82425CF-3372-4F65-88AD-D96A2C80E3B0}.Debug|x64.Build.0 = Debug|x64
		{D82425CF-3372-4F65-88AD-D96A2C80E3B0}.Debug|x86.ActiveCfg = Debug|Win32
		{D82425CF-3372-4F65-88AD-D96A2C80E3B0}.Debug|x86.Build.0 = Debug|Win32
		{D82425CF-3372-4F65-88AD-D96A2C80E3B0}.Release|ARM64.ActiveCfg = Release|ARM64
		{D82425CF-3372-4F65-88AD-D96A2C80E3B0}.Release|ARM64.Build.0 = Release|ARM64
		{D82425CF-3372-4F65-88AD-D96A2C80E3B0}.Release|x64.ActiveCfg = Release|x64
		{D82425CF-3372-4F65-88AD-D96A2C80E3B0}.Release|x64.Build.0 = Release|x64
		{D82425CF-3372-4F65-88AD-D96A2C80E3B0}.Release|x86.ActiveCfg = Release|Win32
		{D82425CF-3372-4F65-88AD-D96A2C80E3B0}.Release|x86.Build.0 = Release|Win32
	EndGlobalSection
	GlobalSection(SolutionProperties) = preSolution
		HideSolutionNode = FALSE
	EndGlobalSection
	GlobalSection(ExtensibilityGlobals) = postSolution
		SolutionGuid = {AC9C37F5-AAC1-42BF-99EF-6F63015B02C9}
	EndGlobalSection
EndGlobal
